
Microsoft Visual Studio Solution File, Format Version 12.00
# Visual Studio Version 17
VisualStudioVersion = 17.14.36127.28 d17.14
MinimumVisualStudioVersion = 10.0.40219.1
Project("{FAE04EC0-301F-11D3-BF4B-00C04F79EFBC}") = "IdentityDataProtection.Data", "IdentityDataProtection.Data\IdentityDataProtection.Data.csproj", "{5784C664-B735-4502-B522-BA165EA71CC3}"
EndProject
Project("{FAE04EC0-301F-11D3-BF4B-00C04F79EFBC}") = "IdentityDataProtection.Business", "IdentityDataProtection.Business\IdentityDataProtection.Business.csproj", "{32C65C21-579A-4329-BC68-F58E34450D84}"
EndProject
Project("{FAE04EC0-301F-11D3-BF4B-00C04F79EFBC}") = "IdentityDataProtection.WebApi", "IdentityDataProtection.WebApi\IdentityDataProtection.WebApi.csproj", "{BF570B9F-BD16-431C-AE60-C3887F45BB3F}"
EndProject
Global
	GlobalSection(SolutionConfigurationPlatforms) = preSolution
		Debug|Any CPU = Debug|Any CPU
		Release|Any CPU = Release|Any CPU
	EndGlobalSection
	GlobalSection(ProjectConfigurationPlatforms) = postSolution
		{5784C664-B735-4502-B522-BA165EA71CC3}.Debug|Any CPU.ActiveCfg = Debug|Any CPU
		{5784C664-B735-4502-B522-BA165EA71CC3}.Debug|Any CPU.Build.0 = Debug|Any CPU
		{5784C664-B735-4502-B522-BA165EA71CC3}.Release|Any CPU.ActiveCfg = Release|Any CPU
		{5784C664-B735-4502-B522-BA165EA71CC3}.Release|Any CPU.Build.0 = Release|Any CPU
		{32C65C21-579A-4329-BC68-F58E34450D84}.Debug|Any CPU.ActiveCfg = Debug|Any CPU
		{32C65C21-579A-4329-BC68-F58E34450D84}.Debug|Any CPU.Build.0 = Debug|Any CPU
		{32C65C21-579A-4329-BC68-F58E34450D84}.Release|Any CPU.ActiveCfg = Release|Any CPU
		{32C65C21-579A-4329-BC68-F58E34450D84}.Release|Any CPU.Build.0 = Release|Any CPU
		{BF570B9F-BD16-431C-AE60-C3887F45BB3F}.Debug|Any CPU.ActiveCfg = Debug|Any CPU
		{BF570B9F-BD16-431C-AE60-C3887F45BB3F}.Debug|Any CPU.Build.0 = Debug|Any CPU
		{BF570B9F-BD16-431C-AE60-C3887F45BB3F}.Release|Any CPU.ActiveCfg = Release|Any CPU
		{BF570B9F-BD16-431C-AE60-C3887F45BB3F}.Release|Any CPU.Build.0 = Release|Any CPU
	EndGlobalSection
	GlobalSection(SolutionProperties) = preSolution
		HideSolutionNode = FALSE
	EndGlobalSection
	GlobalSection(ExtensibilityGlobals) = postSolution
		SolutionGuid = {BA3E53E5-DD31-4961-8BAF-8BE844756320}
	EndGlobalSection
EndGlobal
